{
  "name": "india-tv-epg",
  "version": "1.0.0",
  "lockfileVersion": 3,
  "requires": true,
  "dependencies": {
    "epg-grabber": {
      "version": "0.46.1",
      "resolved": "https://registry.npmjs.org/epg-grabber/-/epg-grabber-0.46.1.tgz",
      "integrity": "sha512-...",
      "dependencies": {
        "axios": "^1.6.0",
        "cheerio": "^1.0.0-rc.12"
      }
    }
  }
}
