{
  "name": "india-tv-epg",
  "version": "1.0.0",
  "lockfileVersion": 3,
  "requires": true,
  "dependencies": {
    "@iptv-org/api": {
      "version": "5.0.0",
      "resolved": "https://registry.npmjs.org/@iptv-org/api/-/api-5.0.0.tgz",
      "integrity": "sha512-..."
    },
    "@iptv-org/database": {
      "version": "2.3.0",
      "resolved": "https://registry.npmjs.org/@iptv-org/database/-/database-2.3.0.tgz"
    },
    "@iptv-org/grabbers": {
      "version": "6.0.0",
      "resolved": "https://registry.npmjs.org/@iptv-org/grabbers/-/grabbers-6.0.0.tgz"
    },
    "axios": "^1.6.0",
    "puppeteer": "^21.0.0"
  }
}
